
Microsoft Visual Studio Solution File, Format Version 12.00
# Visual Studio Version 17
VisualStudioVersion = 17.5.33530.505
MinimumVisualStudioVersion = 10.0.40219.1
Project("{FAE04EC0-301F-11D3-BF4B-00C04F79EFBC}") = "DynamicArrayKirillov", "DynamicArrayKirillov\DynamicArrayKirillov.csproj", "{D1C6446E-8997-480E-A850-9F36157AB47E}"
EndProject
Global
	GlobalSection(SolutionConfigurationPlatforms) = preSolution
		Debug|Any CPU = Debug|Any CPU
		Release|Any CPU = Release|Any CPU
	EndGlobalSection
	GlobalSection(ProjectConfigurationPlatforms) = postSolution
		{D1C6446E-8997-480E-A850-9F36157AB47E}.Debug|Any CPU.ActiveCfg = Debug|Any CPU
		{D1C6446E-8997-480E-A850-9F36157AB47E}.Debug|Any CPU.Build.0 = Debug|Any CPU
		{D1C6446E-8997-480E-A850-9F36157AB47E}.Release|Any CPU.ActiveCfg = Release|Any CPU
		{D1C6446E-8997-480E-A850-9F36157AB47E}.Release|Any CPU.Build.0 = Release|Any CPU
	EndGlobalSection
	GlobalSection(SolutionProperties) = preSolution
		HideSolutionNode = FALSE
	EndGlobalSection
	GlobalSection(ExtensibilityGlobals) = postSolution
		SolutionGuid = {CFB6D50A-9DD4-4F11-ACD2-B97CC25435E3}
	EndGlobalSection
EndGlobal
